
Microsoft Visual Studio Solution File, Format Version 12.00
# Visual Studio Version 16
VisualStudioVersion = 16.0.29911.98
MinimumVisualStudioVersion = 10.0.40219.1
Project("{9A19103F-16F7-4668-BE54-9A1E7A4F7556}") = "GitHubRepoTracking", "GitHubRepoTracking\GitHubRepoTracking.csproj", "{8742B0D6-3551-4FFF-9B2B-93499845557C}"
EndProject
Global
	GlobalSection(SolutionConfigurationPlatforms) = preSolution
		Debug|Any CPU = Debug|Any CPU
		Release|Any CPU = Release|Any CPU
	EndGlobalSection
	GlobalSection(ProjectConfigurationPlatforms) = postSolution
		{8742B0D6-3551-4FFF-9B2B-93499845557C}.Debug|Any CPU.ActiveCfg = Debug|Any CPU
		{8742B0D6-3551-4FFF-9B2B-93499845557C}.Debug|Any CPU.Build.0 = Debug|Any CPU
		{8742B0D6-3551-4FFF-9B2B-93499845557C}.Release|Any CPU.ActiveCfg = Release|Any CPU
		{8742B0D6-3551-4FFF-9B2B-93499845557C}.Release|Any CPU.Build.0 = Release|Any CPU
	EndGlobalSection
	GlobalSection(SolutionProperties) = preSolution
		HideSolutionNode = FALSE
	EndGlobalSection
	GlobalSection(ExtensibilityGlobals) = postSolution
		SolutionGuid = {2014C9B2-183F-48E1-AFF3-A3FD73D4A92D}
	EndGlobalSection
EndGlobal
